
Microsoft Visual Studio Solution File, Format Version 12.00
# Visual Studio Version 17
VisualStudioVersion = 17.13.35825.156
MinimumVisualStudioVersion = 10.0.40219.1
Project("{FAE04EC0-301F-11D3-BF4B-00C04F79EFBC}") = "RPG-GAME", "RPG-GAME\RPG-GAME.csproj", "{2FEAFF83-D4B3-4624-A84D-59D8DF90480A}"
EndProject
Project("{FAE04EC0-301F-11D3-BF4B-00C04F79EFBC}") = "RenderLib", "RenderLib\RenderLib.csproj", "{9F2C2C3F-3FDB-4282-AF1F-917B1478086F}"
EndProject
Project("{FAE04EC0-301F-11D3-BF4B-00C04F79EFBC}") = "InputLib", "InputLib\InputLib.csproj", "{A2B7C479-A902-4943-BBA3-7DE51FD782B1}"
EndProject
Global
	GlobalSection(SolutionConfigurationPlatforms) = preSolution
		Debug|Any CPU = Debug|Any CPU
		Release|Any CPU = Release|Any CPU
	EndGlobalSection
	GlobalSection(ProjectConfigurationPlatforms) = postSolution
		{2FEAFF83-D4B3-4624-A84D-59D8DF90480A}.Debug|Any CPU.ActiveCfg = Debug|Any CPU
		{2FEAFF83-D4B3-4624-A84D-59D8DF90480A}.Debug|Any CPU.Build.0 = Debug|Any CPU
		{2FEAFF83-D4B3-4624-A84D-59D8DF90480A}.Release|Any CPU.ActiveCfg = Release|Any CPU
		{2FEAFF83-D4B3-4624-A84D-59D8DF90480A}.Release|Any CPU.Build.0 = Release|Any CPU
		{9F2C2C3F-3FDB-4282-AF1F-917B1478086F}.Debug|Any CPU.ActiveCfg = Debug|Any CPU
		{9F2C2C3F-3FDB-4282-AF1F-917B1478086F}.Debug|Any CPU.Build.0 = Debug|Any CPU
		{9F2C2C3F-3FDB-4282-AF1F-917B1478086F}.Release|Any CPU.ActiveCfg = Release|Any CPU
		{9F2C2C3F-3FDB-4282-AF1F-917B1478086F}.Release|Any CPU.Build.0 = Release|Any CPU
		{A2B7C479-A902-4943-BBA3-7DE51FD782B1}.Debug|Any CPU.ActiveCfg = Debug|Any CPU
		{A2B7C479-A902-4943-BBA3-7DE51FD782B1}.Debug|Any CPU.Build.0 = Debug|Any CPU
		{A2B7C479-A902-4943-BBA3-7DE51FD782B1}.Release|Any CPU.ActiveCfg = Release|Any CPU
		{A2B7C479-A902-4943-BBA3-7DE51FD782B1}.Release|Any CPU.Build.0 = Release|Any CPU
	EndGlobalSection
	GlobalSection(SolutionProperties) = preSolution
		HideSolutionNode = FALSE
	EndGlobalSection
	GlobalSection(ExtensibilityGlobals) = postSolution
		SolutionGuid = {2660CA5A-CF21-4C8D-ADF6-B16EAE5905F6}
	EndGlobalSection
EndGlobal
